// !$*UTF8*$!
{
	archiveVersion = 1;
	classes = {
	};
	objectVersion = 77;
	objects = {

/* Begin PBXBuildFile section */
		467740F92ED1A7820003ED0D /* PlayingCardView.swift in Sources */ = {isa = PBXBuildFile; fileRef = 467740F82ED1A7820003ED0D /* PlayingCardView.swift */; };
		46FB537D2ED03F540049344D /* Suit.swift in Sources */ = {isa = PBXBuildFile; fileRef = 46FB537C2ED03F540049344D /* Suit.swift */; };
		46FB537F2ED040ED0049344D /* Rank.swift in Sources */ = {isa = PBXBuildFile; fileRef = 46FB537E2ED040ED0049344D /* Rank.swift */; };
		46FB53812ED0417C0049344D /* Card.swift in Sources */ = {isa = PBXBuildFile; fileRef = 46FB53802ED0417C0049344D /* Card.swift */; };
		46FB53832ED041D50049344D /* Deck.swift in Sources */ = {isa = PBXBuildFile; fileRef = 46FB53822ED041D50049344D /* Deck.swift */; };
		46FB53852ED042170049344D /* Hand.swift in Sources */ = {isa = PBXBuildFile; fileRef = 46FB53842ED042170049344D /* Hand.swift */; };
		46FB53872ED0428A0049344D /* BlackjackViewModel.swift in Sources */ = {isa = PBXBuildFile; fileRef = 46FB53862ED0428A0049344D /* BlackjackViewModel.swift */; };
		46FB53892ED043130049344D /* SolitaireViewModel.swift in Sources */ = {isa = PBXBuildFile; fileRef = 46FB53882ED043130049344D /* SolitaireViewModel.swift */; };
		46FB538B2ED043790049344D /* GameType.swift in Sources */ = {isa = PBXBuildFile; fileRef = 46FB538A2ED043790049344D /* GameType.swift */; };
		46FB538D2ED043E80049344D /* Extensions.swift in Sources */ = {isa = PBXBuildFile; fileRef = 46FB538C2ED043E80049344D /* Extensions.swift */; };
		46FB538F2ED044450049344D /* CardTheme.swift in Sources */ = {isa = PBXBuildFile; fileRef = 46FB538E2ED044450049344D /* CardTheme.swift */; };
		46FB53912ED044DF0049344D /* MainMenuView.swift in Sources */ = {isa = PBXBuildFile; fileRef = 46FB53902ED044DF0049344D /* MainMenuView.swift */; };
		46FB53942ED0460E0049344D /* BlackjackView.swift in Sources */ = {isa = PBXBuildFile; fileRef = 46FB53932ED0460E0049344D /* BlackjackView.swift */; };
		46FB53992ED047010049344D /* SolitaireView.swift in Sources */ = {isa = PBXBuildFile; fileRef = 46FB53982ED047010049344D /* SolitaireView.swift */; };
/* End PBXBuildFile section */

/* Begin PBXFileReference section */
		467740F82ED1A7820003ED0D /* PlayingCardView.swift */ = {isa = PBXFileReference; lastKnownFileType = sourcecode.swift; path = PlayingCardView.swift; sourceTree = "<group>"; };
		46FB53642ED03ADD0049344D /* CardGamesAppV2.app */ = {isa = PBXFileReference; explicitFileType = wrapper.application; includeInIndex = 0; path = CardGamesAppV2.app; sourceTree = BUILT_PRODUCTS_DIR; };
		46FB537C2ED03F540049344D /* Suit.swift */ = {isa = PBXFileReference; lastKnownFileType = sourcecode.swift; path = Suit.swift; sourceTree = "<group>"; };
		46FB537E2ED040ED0049344D /* Rank.swift */ = {isa = PBXFileReference; lastKnownFileType = sourcecode.swift; path = Rank.swift; sourceTree = "<group>"; };
		46FB53802ED0417C0049344D /* Card.swift */ = {isa = PBXFileReference; lastKnownFileType = sourcecode.swift; path = Card.swift; sourceTree = "<group>"; };
		46FB53822ED041D50049344D /* Deck.swift */ = {isa = PBXFileReference; lastKnownFileType = sourcecode.swift; path = Deck.swift; sourceTree = "<group>"; };
		46FB53842ED042170049344D /* Hand.swift */ = {isa = PBXFileReference; lastKnownFileType = sourcecode.swift; path = Hand.swift; sourceTree = "<group>"; };
		46FB53862ED0428A0049344D /* BlackjackViewModel.swift */ = {isa = PBXFileReference; lastKnownFileType = sourcecode.swift; path = BlackjackViewModel.swift; sourceTree = "<group>"; };
		46FB53882ED043130049344D /* SolitaireViewModel.swift */ = {isa = PBXFileReference; lastKnownFileType = sourcecode.swift; path = SolitaireViewModel.swift; sourceTree = "<group>"; };
		46FB538A2ED043790049344D /* GameType.swift */ = {isa = PBXFileReference; lastKnownFileType = sourcecode.swift; path = GameType.swift; sourceTree = "<group>"; };
		46FB538C2ED043E80049344D /* Extensions.swift */ = {isa = PBXFileReference; lastKnownFileType = sourcecode.swift; path = Extensions.swift; sourceTree = "<group>"; };
		46FB538E2ED044450049344D /* CardTheme.swift */ = {isa = PBXFileReference; lastKnownFileType = sourcecode.swift; path = CardTheme.swift; sourceTree = "<group>"; };
		46FB53902ED044DF0049344D /* MainMenuView.swift */ = {isa = PBXFileReference; lastKnownFileType = sourcecode.swift; path = MainMenuView.swift; sourceTree = "<group>"; };
		46FB53932ED0460E0049344D /* BlackjackView.swift */ = {isa = PBXFileReference; lastKnownFileType = sourcecode.swift; path = BlackjackView.swift; sourceTree = "<group>"; };
		46FB53982ED047010049344D /* SolitaireView.swift */ = {isa = PBXFileReference; lastKnownFileType = sourcecode.swift; path = SolitaireView.swift; sourceTree = "<group>"; };
		46FB539C2ED04A760049344D /* CardGamesAppApp.swift */ = {isa = PBXFileReference; lastKnownFileType = sourcecode.swift; path = CardGamesAppApp.swift; sourceTree = "<group>"; };
/* End PBXFileReference section */

/* Begin PBXFileSystemSynchronizedRootGroup section */
		46FB53662ED03ADD0049344D /* CardGamesAppV2 */ = {
			isa = PBXFileSystemSynchronizedRootGroup;
			path = CardGamesAppV2;
			sourceTree = "<group>";
		};
/* End PBXFileSystemSynchronizedRootGroup section */

/* Begin PBXFrameworksBuildPhase section */
		46FB53612ED03ADD0049344D /* Frameworks */ = {
			isa = PBXFrameworksBuildPhase;
			buildActionMask = 2147483647;
			files = (
			);
			runOnlyForDeploymentPostprocessing = 0;
		};
/* End PBXFrameworksBuildPhase section */

/* Begin PBXGroup section */
		467740F72ED1A7520003ED0D /* Components */ = {
			isa = PBXGroup;
			children = (
				467740F82ED1A7820003ED0D /* PlayingCardView.swift */,
			);
			path = Components;
			sourceTree = "<group>";
		};
		46FB535B2ED03ADD0049344D = {
			isa = PBXGroup;
			children = (
				467740F72ED1A7520003ED0D /* Components */,
				46FB539C2ED04A760049344D /* CardGamesAppApp.swift */,
				46FB53752ED03BCB0049344D /* Models */,
				46FB53652ED03ADD0049344D /* Products */,
			);
			sourceTree = "<group>";
		};
		46FB53652ED03ADD0049344D /* Products */ = {
			isa = PBXGroup;
			children = (
				46FB53642ED03ADD0049344D /* CardGamesAppV2.app */,
			);
			name = Products;
			sourceTree = "<group>";
		};
		46FB53752ED03BCB0049344D /* Models */ = {
			isa = PBXGroup;
			children = (
				46FB53762ED03D450049344D /* ViewModels */,
				46FB537C2ED03F540049344D /* Suit.swift */,
				46FB537E2ED040ED0049344D /* Rank.swift */,
				46FB53802ED0417C0049344D /* Card.swift */,
				46FB53822ED041D50049344D /* Deck.swift */,
				46FB53842ED042170049344D /* Hand.swift */,
			);
			path = Models;
			sourceTree = "<group>";
		};
		46FB53762ED03D450049344D /* ViewModels */ = {
			isa = PBXGroup;
			children = (
				46FB53772ED03DDC0049344D /* Views */,
				46FB53862ED0428A0049344D /* BlackjackViewModel.swift */,
				46FB53882ED043130049344D /* SolitaireViewModel.swift */,
			);
			path = ViewModels;
			sourceTree = "<group>";
		};
		46FB53772ED03DDC0049344D /* Views */ = {
			isa = PBXGroup;
			children = (
				46FB53972ED046C40049344D /* Solitaire */,
				46FB53922ED045E30049344D /* Blackjack */,
				46FB53782ED03DEA0049344D /* Shared */,
				46FB53902ED044DF0049344D /* MainMenuView.swift */,
			);
			path = Views;
			sourceTree = "<group>";
		};
		46FB53782ED03DEA0049344D /* Shared */ = {
			isa = PBXGroup;
			children = (
				46FB53792ED03DF60049344D /* Themes */,
				46FB538A2ED043790049344D /* GameType.swift */,
				46FB538C2ED043E80049344D /* Extensions.swift */,
			);
			path = Shared;
			sourceTree = "<group>";
		};
		46FB53792ED03DF60049344D /* Themes */ = {
			isa = PBXGroup;
			children = (
				46FB53662ED03ADD0049344D /* CardGamesAppV2 */,
				46FB538E2ED044450049344D /* CardTheme.swift */,
			);
			path = Themes;
			sourceTree = "<group>";
		};
		46FB53922ED045E30049344D /* Blackjack */ = {
			isa = PBXGroup;
			children = (
				46FB53932ED0460E0049344D /* BlackjackView.swift */,
			);
			path = Blackjack;
			sourceTree = "<group>";
		};
		46FB53972ED046C40049344D /* Solitaire */ = {
			isa = PBXGroup;
			children = (
				46FB53982ED047010049344D /* SolitaireView.swift */,
			);
			path = Solitaire;
			sourceTree = "<group>";
		};
/* End PBXGroup section */

/* Begin PBXNativeTarget section */
		46FB53632ED03ADD0049344D /* CardGamesAppV2 */ = {
			isa = PBXNativeTarget;
			buildConfigurationList = 46FB53722ED03ADE0049344D /* Build configuration list for PBXNativeTarget "CardGamesAppV2" */;
			buildPhases = (
				46FB53602ED03ADD0049344D /* Sources */,
				46FB53612ED03ADD0049344D /* Frameworks */,
				46FB53622ED03ADD0049344D /* Resources */,
			);
			buildRules = (
			);
			dependencies = (
			);
			fileSystemSynchronizedGroups = (
				46FB53662ED03ADD0049344D /* CardGamesAppV2 */,
			);
			name = CardGamesAppV2;
			packageProductDependencies = (
			);
			productName = CardGamesAppV2;
			productReference = 46FB53642ED03ADD0049344D /* CardGamesAppV2.app */;
			productType = "com.apple.product-type.application";
		};
/* End PBXNativeTarget section */

/* Begin PBXProject section */
		46FB535C2ED03ADD0049344D /* Project object */ = {
			isa = PBXProject;
			attributes = {
				BuildIndependentTargetsInParallel = 1;
				LastSwiftUpdateCheck = 1620;
				LastUpgradeCheck = 1620;
				TargetAttributes = {
					46FB53632ED03ADD0049344D = {
						CreatedOnToolsVersion = 16.2;
					};
				};
			};
			buildConfigurationList = 46FB535F2ED03ADD0049344D /* Build configuration list for PBXProject "CardGamesAppV2" */;
			developmentRegion = en;
			hasScannedForEncodings = 0;
			knownRegions = (
				en,
				Base,
			);
			mainGroup = 46FB535B2ED03ADD0049344D;
			minimizedProjectReferenceProxies = 1;
			preferredProjectObjectVersion = 77;
			productRefGroup = 46FB53652ED03ADD0049344D /* Products */;
			projectDirPath = "";
			projectRoot = "";
			targets = (
				46FB53632ED03ADD0049344D /* CardGamesAppV2 */,
			);
		};
/* End PBXProject section */

/* Begin PBXResourcesBuildPhase section */
		46FB53622ED03ADD0049344D /* Resources */ = {
			isa = PBXResourcesBuildPhase;
			buildActionMask = 2147483647;
			files = (
			);
			runOnlyForDeploymentPostprocessing = 0;
		};
/* End PBXResourcesBuildPhase section */

/* Begin PBXSourcesBuildPhase section */
		46FB53602ED03ADD0049344D /* Sources */ = {
			isa = PBXSourcesBuildPhase;
			buildActionMask = 2147483647;
			files = (
				46FB53892ED043130049344D /* SolitaireViewModel.swift in Sources */,
				46FB53832ED041D50049344D /* Deck.swift in Sources */,
				46FB538F2ED044450049344D /* CardTheme.swift in Sources */,
				46FB53992ED047010049344D /* SolitaireView.swift in Sources */,
				46FB538B2ED043790049344D /* GameType.swift in Sources */,
				46FB537F2ED040ED0049344D /* Rank.swift in Sources */,
				46FB53812ED0417C0049344D /* Card.swift in Sources */,
				46FB53942ED0460E0049344D /* BlackjackView.swift in Sources */,
				46FB53852ED042170049344D /* Hand.swift in Sources */,
				46FB53872ED0428A0049344D /* BlackjackViewModel.swift in Sources */,
				46FB53912ED044DF0049344D /* MainMenuView.swift in Sources */,
				46FB537D2ED03F540049344D /* Suit.swift in Sources */,
				46FB538D2ED043E80049344D /* Extensions.swift in Sources */,
				467740F92ED1A7820003ED0D /* PlayingCardView.swift in Sources */,
			);
			runOnlyForDeploymentPostprocessing = 0;
		};
/* End PBXSourcesBuildPhase section */

/* Begin XCBuildConfiguration section */
		46FB53702ED03ADE0049344D /* Debug */ = {
			isa = XCBuildConfiguration;
			buildSettings = {
				ALWAYS_SEARCH_USER_PATHS = NO;
				ASSETCATALOG_COMPILER_GENERATE_SWIFT_ASSET_SYMBOL_EXTENSIONS = YES;
				CLANG_ANALYZER_NONNULL = YES;
				CLANG_ANALYZER_NUMBER_OBJECT_CONVERSION = YES_AGGRESSIVE;
				CLANG_CXX_LANGUAGE_STANDARD = "gnu++20";
				CLANG_ENABLE_MODULES = YES;
				CLANG_ENABLE_OBJC_ARC = YES;
				CLANG_ENABLE_OBJC_WEAK = YES;
				CLANG_WARN_BLOCK_CAPTURE_AUTORELEASING = YES;
				CLANG_WARN_BOOL_CONVERSION = YES;
				CLANG_WARN_COMMA = YES;
				CLANG_WARN_CONSTANT_CONVERSION = YES;
				CLANG_WARN_DEPRECATED_OBJC_IMPLEMENTATIONS = YES;
				CLANG_WARN_DIRECT_OBJC_ISA_USAGE = YES_ERROR;
				CLANG_WARN_DOCUMENTATION_COMMENTS = YES;
				CLANG_WARN_EMPTY_BODY = YES;
				CLANG_WARN_ENUM_CONVERSION = YES;
				CLANG_WARN_INFINITE_RECURSION = YES;
				CLANG_WARN_INT_CONVERSION = YES;
				CLANG_WARN_NON_LITERAL_NULL_CONVERSION = YES;
				CLANG_WARN_OBJC_IMPLICIT_RETAIN_SELF = YES;
				CLANG_WARN_OBJC_LITERAL_CONVERSION = YES;
				CLANG_WARN_OBJC_ROOT_CLASS = YES_ERROR;
				CLANG_WARN_QUOTED_INCLUDE_IN_FRAMEWORK_HEADER = YES;
				CLANG_WARN_RANGE_LOOP_ANALYSIS = YES;
				CLANG_WARN_STRICT_PROTOTYPES = YES;
				CLANG_WARN_SUSPICIOUS_MOVE = YES;
				CLANG_WARN_UNGUARDED_AVAILABILITY = YES_AGGRESSIVE;
				CLANG_WARN_UNREACHABLE_CODE = YES;
				CLANG_WARN__DUPLICATE_METHOD_MATCH = YES;
				COPY_PHASE_STRIP = NO;
				DEBUG_INFORMATION_FORMAT = dwarf;
				ENABLE_STRICT_OBJC_MSGSEND = YES;
				ENABLE_TESTABILITY = YES;
				ENABLE_USER_SCRIPT_SANDBOXING = YES;
				GCC_C_LANGUAGE_STANDARD = gnu17;
				GCC_DYNAMIC_NO_PIC = NO;
				GCC_NO_COMMON_BLOCKS = YES;
				GCC_OPTIMIZATION_LEVEL = 0;
				GCC_PREPROCESSOR_DEFINITIONS = (
					"DEBUG=1",
					"$(inherited)",
				);
				GCC_WARN_64_TO_32_BIT_CONVERSION = YES;
				GCC_WARN_ABOUT_RETURN_TYPE = YES_ERROR;
				GCC_WARN_UNDECLARED_SELECTOR = YES;
				GCC_WARN_UNINITIALIZED_AUTOS = YES_AGGRESSIVE;
				GCC_WARN_UNUSED_FUNCTION = YES;
				GCC_WARN_UNUSED_VARIABLE = YES;
				IPHONEOS_DEPLOYMENT_TARGET = 18.2;
				LOCALIZATION_PREFERS_STRING_CATALOGS = YES;
				MTL_ENABLE_DEBUG_INFO = INCLUDE_SOURCE;
				MTL_FAST_MATH = YES;
				ONLY_ACTIVE_ARCH = YES;
				SDKROOT = iphoneos;
				SWIFT_ACTIVE_COMPILATION_CONDITIONS = "DEBUG $(inherited)";
				SWIFT_OPTIMIZATION_LEVEL = "-Onone";
			};
			name = Debug;
		};
		46FB53712ED03ADE0049344D /* Release */ = {
			isa = XCBuildConfiguration;
			buildSettings = {
				ALWAYS_SEARCH_USER_PATHS = NO;
				ASSETCATALOG_COMPILER_GENERATE_SWIFT_ASSET_SYMBOL_EXTENSIONS = YES;
				CLANG_ANALYZER_NONNULL = YES;
				CLANG_ANALYZER_NUMBER_OBJECT_CONVERSION = YES_AGGRESSIVE;
				CLANG_CXX_LANGUAGE_STANDARD = "gnu++20";
				CLANG_ENABLE_MODULES = YES;
				CLANG_ENABLE_OBJC_ARC = YES;
				CLANG_ENABLE_OBJC_WEAK = YES;
				CLANG_WARN_BLOCK_CAPTURE_AUTORELEASING = YES;
				CLANG_WARN_BOOL_CONVERSION = YES;
				CLANG_WARN_COMMA = YES;
				CLANG_WARN_CONSTANT_CONVERSION = YES;
				CLANG_WARN_DEPRECATED_OBJC_IMPLEMENTATIONS = YES;
				CLANG_WARN_DIRECT_OBJC_ISA_USAGE = YES_ERROR;
				CLANG_WARN_DOCUMENTATION_COMMENTS = YES;
				CLANG_WARN_EMPTY_BODY = YES;
				CLANG_WARN_ENUM_CONVERSION = YES;
				CLANG_WARN_INFINITE_RECURSION = YES;
				CLANG_WARN_INT_CONVERSION = YES;
				CLANG_WARN_NON_LITERAL_NULL_CONVERSION = YES;
				CLANG_WARN_OBJC_IMPLICIT_RETAIN_SELF = YES;
				CLANG_WARN_OBJC_LITERAL_CONVERSION = YES;
				CLANG_WARN_OBJC_ROOT_CLASS = YES_ERROR;
				CLANG_WARN_QUOTED_INCLUDE_IN_FRAMEWORK_HEADER = YES;
				CLANG_WARN_RANGE_LOOP_ANALYSIS = YES;
				CLANG_WARN_STRICT_PROTOTYPES = YES;
				CLANG_WARN_SUSPICIOUS_MOVE = YES;
				CLANG_WARN_UNGUARDED_AVAILABILITY = YES_AGGRESSIVE;
				CLANG_WARN_UNREACHABLE_CODE = YES;
				CLANG_WARN__DUPLICATE_METHOD_MATCH = YES;
				COPY_PHASE_STRIP = NO;
				DEBUG_INFORMATION_FORMAT = "dwarf-with-dsym";
				ENABLE_NS_ASSERTIONS = NO;
				ENABLE_STRICT_OBJC_MSGSEND = YES;
				ENABLE_USER_SCRIPT_SANDBOXING = YES;
				GCC_C_LANGUAGE_STANDARD = gnu17;
				GCC_NO_COMMON_BLOCKS = YES;
				GCC_WARN_64_TO_32_BIT_CONVERSION = YES;
				GCC_WARN_ABOUT_RETURN_TYPE = YES_ERROR;
				GCC_WARN_UNDECLARED_SELECTOR = YES;
				GCC_WARN_UNINITIALIZED_AUTOS = YES_AGGRESSIVE;
				GCC_WARN_UNUSED_FUNCTION = YES;
				GCC_WARN_UNUSED_VARIABLE = YES;
				IPHONEOS_DEPLOYMENT_TARGET = 18.2;
				LOCALIZATION_PREFERS_STRING_CATALOGS = YES;
				MTL_ENABLE_DEBUG_INFO = NO;
				MTL_FAST_MATH = YES;
				SDKROOT = iphoneos;
				SWIFT_COMPILATION_MODE = wholemodule;
				VALIDATE_PRODUCT = YES;
			};
			name = Release;
		};
		46FB53732ED03ADE0049344D /* Debug */ = {
			isa = XCBuildConfiguration;
			buildSettings = {
				ASSETCATALOG_COMPILER_APPICON_NAME = AppIcon;
				ASSETCATALOG_COMPILER_GLOBAL_ACCENT_COLOR_NAME = AccentColor;
				CODE_SIGN_STYLE = Automatic;
				CURRENT_PROJECT_VERSION = 1;
				ENABLE_PREVIEWS = YES;
				GENERATE_INFOPLIST_FILE = YES;
				INFOPLIST_KEY_UIApplicationSceneManifest_Generation = YES;
				INFOPLIST_KEY_UIApplicationSupportsIndirectInputEvents = YES;
				INFOPLIST_KEY_UILaunchScreen_Generation = YES;
				INFOPLIST_KEY_UISupportedInterfaceOrientations_iPad = "UIInterfaceOrientationPortrait UIInterfaceOrientationPortraitUpsideDown UIInterfaceOrientationLandscapeLeft UIInterfaceOrientationLandscapeRight";
				INFOPLIST_KEY_UISupportedInterfaceOrientations_iPhone = "UIInterfaceOrientationPortrait UIInterfaceOrientationLandscapeLeft UIInterfaceOrientationLandscapeRight";
				LD_RUNPATH_SEARCH_PATHS = (
					"$(inherited)",
					"@executable_path/Frameworks",
				);
				MARKETING_VERSION = 1.0;
				PRODUCT_BUNDLE_IDENTIFIER = com.richguerrero.CardGamesAppV2;
				PRODUCT_NAME = "$(TARGET_NAME)";
				SWIFT_EMIT_LOC_STRINGS = YES;
				SWIFT_VERSION = 5.0;
				TARGETED_DEVICE_FAMILY = "1,2";
			};
			name = Debug;
		};
		46FB53742ED03ADE0049344D /* Release */ = {
			isa = XCBuildConfiguration;
			buildSettings = {
				ASSETCATALOG_COMPILER_APPICON_NAME = AppIcon;
				ASSETCATALOG_COMPILER_GLOBAL_ACCENT_COLOR_NAME = AccentColor;
				CODE_SIGN_STYLE = Automatic;
				CURRENT_PROJECT_VERSION = 1;
				ENABLE_PREVIEWS = YES;
				GENERATE_INFOPLIST_FILE = YES;
				INFOPLIST_KEY_UIApplicationSceneManifest_Generation = YES;
				INFOPLIST_KEY_UIApplicationSupportsIndirectInputEvents = YES;
				INFOPLIST_KEY_UILaunchScreen_Generation = YES;
				INFOPLIST_KEY_UISupportedInterfaceOrientations_iPad = "UIInterfaceOrientationPortrait UIInterfaceOrientationPortraitUpsideDown UIInterfaceOrientationLandscapeLeft UIInterfaceOrientationLandscapeRight";
				INFOPLIST_KEY_UISupportedInterfaceOrientations_iPhone = "UIInterfaceOrientationPortrait UIInterfaceOrientationLandscapeLeft UIInterfaceOrientationLandscapeRight";
				LD_RUNPATH_SEARCH_PATHS = (
					"$(inherited)",
					"@executable_path/Frameworks",
				);
				MARKETING_VERSION = 1.0;
				PRODUCT_BUNDLE_IDENTIFIER = com.richguerrero.CardGamesAppV2;
				PRODUCT_NAME = "$(TARGET_NAME)";
				SWIFT_EMIT_LOC_STRINGS = YES;
				SWIFT_VERSION = 5.0;
				TARGETED_DEVICE_FAMILY = "1,2";
			};
			name = Release;
		};
/* End XCBuildConfiguration section */

/* Begin XCConfigurationList section */
		46FB535F2ED03ADD0049344D /* Build configuration list for PBXProject "CardGamesAppV2" */ = {
			isa = XCConfigurationList;
			buildConfigurations = (
				46FB53702ED03ADE0049344D /* Debug */,
				46FB53712ED03ADE0049344D /* Release */,
			);
			defaultConfigurationIsVisible = 0;
			defaultConfigurationName = Release;
		};
		46FB53722ED03ADE0049344D /* Build configuration list for PBXNativeTarget "CardGamesAppV2" */ = {
			isa = XCConfigurationList;
			buildConfigurations = (
				46FB53732ED03ADE0049344D /* Debug */,
				46FB53742ED03ADE0049344D /* Release */,
			);
			defaultConfigurationIsVisible = 0;
			defaultConfigurationName = Release;
		};
/* End XCConfigurationList section */
	};
	rootObject = 46FB535C2ED03ADD0049344D /* Project object */;
}
